# generated by rye
# use `rye lock` or `rye sync` to update this lockfile
#
# last locked with the following flags:
#   pre: false
#   features: []
#   all-features: false
#   with-sources: false
#   generate-hashes: false

-e file:.
annotated-types==0.7.0
    # via pydantic
azure-common==1.1.28
    # via azure-mgmt-sql
    # via azure-mgmt-subscription
azure-core==1.30.2
    # via azure-connectors
    # via azure-data-tables
    # via azure-identity
    # via azure-mgmt-core
    # via azure-storage-blob
    # via azure-storage-file-datalake
    # via msrest
azure-data-tables==12.5.0
    # via azure-connectors
azure-identity==1.17.1
    # via azure-connectors
azure-mgmt-core==1.4.0
    # via azure-mgmt-sql
    # via azure-mgmt-subscription
azure-mgmt-sql==3.0.1
    # via azure-connectors
azure-mgmt-subscription==3.1.1
    # via azure-connectors
azure-storage-blob==12.21.0
    # via azure-connectors
    # via azure-storage-file-datalake
azure-storage-file-datalake==12.16.0
    # via azure-connectors
certifi==2024.7.4
    # via msrest
    # via requests
cffi==1.16.0
    # via cryptography
charset-normalizer==3.3.2
    # via requests
cryptography==42.0.8
    # via azure-identity
    # via azure-storage-blob
    # via msal
    # via pyjwt
idna==3.7
    # via requests
    # via yarl
isodate==0.6.1
    # via azure-data-tables
    # via azure-storage-blob
    # via azure-storage-file-datalake
    # via msrest
loguru==0.7.2
    # via azure-connectors
msal==1.29.0
    # via azure-identity
    # via msal-extensions
msal-extensions==1.2.0
    # via azure-identity
msrest==0.7.1
    # via azure-mgmt-sql
    # via azure-mgmt-subscription
multidict==6.0.5
    # via yarl
numpy==2.2.1
    # via pandas
oauthlib==3.2.2
    # via requests-oauthlib
pandas==2.2.3
    # via azure-connectors
polars==1.14.0
    # via azure-connectors
portalocker==2.10.0
    # via msal-extensions
pyarrow==18.1.0
    # via azure-connectors
pycparser==2.22
    # via cffi
pydantic==2.8.2
    # via azure-connectors
    # via pydantic-settings
pydantic-core==2.20.1
    # via pydantic
pydantic-settings==2.3.4
    # via azure-connectors
pyjwt==2.8.0
    # via msal
pyodbc==5.1.0
    # via azure-connectors
python-dateutil==2.9.0.post0
    # via pandas
python-dotenv==1.0.1
    # via pydantic-settings
pytz==2024.2
    # via pandas
requests==2.32.3
    # via azure-core
    # via msal
    # via msrest
    # via requests-oauthlib
requests-oauthlib==2.0.0
    # via msrest
six==1.16.0
    # via azure-core
    # via isodate
    # via python-dateutil
sqlalchemy==2.0.31
    # via azure-connectors
tqdm==4.67.1
    # via azure-connectors
typing-extensions==4.12.2
    # via azure-core
    # via azure-data-tables
    # via azure-identity
    # via azure-storage-blob
    # via azure-storage-file-datalake
    # via pydantic
    # via pydantic-core
    # via sqlalchemy
tzdata==2024.2
    # via pandas
urllib3==2.2.2
    # via requests
yarl==1.9.4
    # via azure-data-tables
